
Microsoft Visual Studio Solution File, Format Version 12.00
# Visual Studio 15
VisualStudioVersion = 15.0.28010.2003
MinimumVisualStudioVersion = 10.0.40219.1
Project("{FAE04EC0-301F-11D3-BF4B-00C04F79EFBC}") = "StringsDemo", "StringsDemo\StringsDemo.csproj", "{60270DD0-FC6C-42AB-9D8A-60E54BEB925C}"
EndProject
Project("{FAE04EC0-301F-11D3-BF4B-00C04F79EFBC}") = "VariablesDemo", "VariablesDemo\VariablesDemo.csproj", "{437842FE-FD0F-4ED5-9998-C6E64FB43664}"
EndProject
Global
	GlobalSection(SolutionConfigurationPlatforms) = preSolution
		Debug|Any CPU = Debug|Any CPU
		Release|Any CPU = Release|Any CPU
	EndGlobalSection
	GlobalSection(ProjectConfigurationPlatforms) = postSolution
		{60270DD0-FC6C-42AB-9D8A-60E54BEB925C}.Debug|Any CPU.ActiveCfg = Debug|Any CPU
		{60270DD0-FC6C-42AB-9D8A-60E54BEB925C}.Debug|Any CPU.Build.0 = Debug|Any CPU
		{60270DD0-FC6C-42AB-9D8A-60E54BEB925C}.Release|Any CPU.ActiveCfg = Release|Any CPU
		{60270DD0-FC6C-42AB-9D8A-60E54BEB925C}.Release|Any CPU.Build.0 = Release|Any CPU
		{437842FE-FD0F-4ED5-9998-C6E64FB43664}.Debug|Any CPU.ActiveCfg = Debug|Any CPU
		{437842FE-FD0F-4ED5-9998-C6E64FB43664}.Debug|Any CPU.Build.0 = Debug|Any CPU
		{437842FE-FD0F-4ED5-9998-C6E64FB43664}.Release|Any CPU.ActiveCfg = Release|Any CPU
		{437842FE-FD0F-4ED5-9998-C6E64FB43664}.Release|Any CPU.Build.0 = Release|Any CPU
	EndGlobalSection
	GlobalSection(SolutionProperties) = preSolution
		HideSolutionNode = FALSE
	EndGlobalSection
	GlobalSection(ExtensibilityGlobals) = postSolution
		SolutionGuid = {C9433810-6639-46F4-B46D-ED672D5792F7}
	EndGlobalSection
EndGlobal
