
Microsoft Visual Studio Solution File, Format Version 12.00
# Visual Studio 15
VisualStudioVersion = 15.0.28010.2003
MinimumVisualStudioVersion = 10.0.40219.1
Project("{FAE04EC0-301F-11D3-BF4B-00C04F79EFBC}") = "UpDownCastDemo", "UpDownCastDemo\UpDownCastDemo.csproj", "{506F3DAF-E682-4C6A-B57C-DFDC26558A74}"
EndProject
Project("{FAE04EC0-301F-11D3-BF4B-00C04F79EFBC}") = "ExtractionDemo", "ExtractionDemo\ExtractionDemo.csproj", "{169BD937-D1DA-43B6-B14D-429FA2B22A00}"
EndProject
Project("{FAE04EC0-301F-11D3-BF4B-00C04F79EFBC}") = "DelegateDemo", "DelegateDemo\DelegateDemo.csproj", "{1DE1D8E8-554C-408A-A7F9-98A9180E4E5E}"
EndProject
Project("{FAE04EC0-301F-11D3-BF4B-00C04F79EFBC}") = "PassFunctionDemo", "PassFunctionDemo\PassFunctionDemo.csproj", "{4825C41F-D9BF-4E58-AD95-A921C55A07B8}"
EndProject
Project("{FAE04EC0-301F-11D3-BF4B-00C04F79EFBC}") = "WindowsFormsDemo", "WindowsFormsDemo\WindowsFormsDemo.csproj", "{20CF34AF-8100-4CF9-8ADD-C605E998E7EF}"
EndProject
Global
	GlobalSection(SolutionConfigurationPlatforms) = preSolution
		Debug|Any CPU = Debug|Any CPU
		Release|Any CPU = Release|Any CPU
	EndGlobalSection
	GlobalSection(ProjectConfigurationPlatforms) = postSolution
		{506F3DAF-E682-4C6A-B57C-DFDC26558A74}.Debug|Any CPU.ActiveCfg = Debug|Any CPU
		{506F3DAF-E682-4C6A-B57C-DFDC26558A74}.Debug|Any CPU.Build.0 = Debug|Any CPU
		{506F3DAF-E682-4C6A-B57C-DFDC26558A74}.Release|Any CPU.ActiveCfg = Release|Any CPU
		{506F3DAF-E682-4C6A-B57C-DFDC26558A74}.Release|Any CPU.Build.0 = Release|Any CPU
		{169BD937-D1DA-43B6-B14D-429FA2B22A00}.Debug|Any CPU.ActiveCfg = Debug|Any CPU
		{169BD937-D1DA-43B6-B14D-429FA2B22A00}.Debug|Any CPU.Build.0 = Debug|Any CPU
		{169BD937-D1DA-43B6-B14D-429FA2B22A00}.Release|Any CPU.ActiveCfg = Release|Any CPU
		{169BD937-D1DA-43B6-B14D-429FA2B22A00}.Release|Any CPU.Build.0 = Release|Any CPU
		{1DE1D8E8-554C-408A-A7F9-98A9180E4E5E}.Debug|Any CPU.ActiveCfg = Debug|Any CPU
		{1DE1D8E8-554C-408A-A7F9-98A9180E4E5E}.Debug|Any CPU.Build.0 = Debug|Any CPU
		{1DE1D8E8-554C-408A-A7F9-98A9180E4E5E}.Release|Any CPU.ActiveCfg = Release|Any CPU
		{1DE1D8E8-554C-408A-A7F9-98A9180E4E5E}.Release|Any CPU.Build.0 = Release|Any CPU
		{4825C41F-D9BF-4E58-AD95-A921C55A07B8}.Debug|Any CPU.ActiveCfg = Debug|Any CPU
		{4825C41F-D9BF-4E58-AD95-A921C55A07B8}.Debug|Any CPU.Build.0 = Debug|Any CPU
		{4825C41F-D9BF-4E58-AD95-A921C55A07B8}.Release|Any CPU.ActiveCfg = Release|Any CPU
		{4825C41F-D9BF-4E58-AD95-A921C55A07B8}.Release|Any CPU.Build.0 = Release|Any CPU
		{20CF34AF-8100-4CF9-8ADD-C605E998E7EF}.Debug|Any CPU.ActiveCfg = Debug|Any CPU
		{20CF34AF-8100-4CF9-8ADD-C605E998E7EF}.Debug|Any CPU.Build.0 = Debug|Any CPU
		{20CF34AF-8100-4CF9-8ADD-C605E998E7EF}.Release|Any CPU.ActiveCfg = Release|Any CPU
		{20CF34AF-8100-4CF9-8ADD-C605E998E7EF}.Release|Any CPU.Build.0 = Release|Any CPU
	EndGlobalSection
	GlobalSection(SolutionProperties) = preSolution
		HideSolutionNode = FALSE
	EndGlobalSection
	GlobalSection(ExtensibilityGlobals) = postSolution
		SolutionGuid = {37DA0CE0-B83D-44DF-B97F-DFD2DDDB6F6C}
	EndGlobalSection
EndGlobal
