
Microsoft Visual Studio Solution File, Format Version 12.00
# Visual Studio 15
VisualStudioVersion = 15.0.28010.2003
MinimumVisualStudioVersion = 10.0.40219.1
Project("{FAE04EC0-301F-11D3-BF4B-00C04F79EFBC}") = "FirstAppDemo", "FirstAppDemo\FirstAppDemo.csproj", "{6A010411-CCC4-4456-8968-BD9B17C43446}"
EndProject
Project("{FAE04EC0-301F-11D3-BF4B-00C04F79EFBC}") = "ConsoleWrireDemo", "ConsoleWrireDemo\ConsoleWrireDemo.csproj", "{F3D7BC5D-2B39-4699-90B3-ED22132C50DA}"
EndProject
Global
	GlobalSection(SolutionConfigurationPlatforms) = preSolution
		Debug|Any CPU = Debug|Any CPU
		Release|Any CPU = Release|Any CPU
	EndGlobalSection
	GlobalSection(ProjectConfigurationPlatforms) = postSolution
		{6A010411-CCC4-4456-8968-BD9B17C43446}.Debug|Any CPU.ActiveCfg = Debug|Any CPU
		{6A010411-CCC4-4456-8968-BD9B17C43446}.Debug|Any CPU.Build.0 = Debug|Any CPU
		{6A010411-CCC4-4456-8968-BD9B17C43446}.Release|Any CPU.ActiveCfg = Release|Any CPU
		{6A010411-CCC4-4456-8968-BD9B17C43446}.Release|Any CPU.Build.0 = Release|Any CPU
		{F3D7BC5D-2B39-4699-90B3-ED22132C50DA}.Debug|Any CPU.ActiveCfg = Debug|Any CPU
		{F3D7BC5D-2B39-4699-90B3-ED22132C50DA}.Debug|Any CPU.Build.0 = Debug|Any CPU
		{F3D7BC5D-2B39-4699-90B3-ED22132C50DA}.Release|Any CPU.ActiveCfg = Release|Any CPU
		{F3D7BC5D-2B39-4699-90B3-ED22132C50DA}.Release|Any CPU.Build.0 = Release|Any CPU
	EndGlobalSection
	GlobalSection(SolutionProperties) = preSolution
		HideSolutionNode = FALSE
	EndGlobalSection
	GlobalSection(ExtensibilityGlobals) = postSolution
		SolutionGuid = {C538FB67-86AA-48A6-8D7A-11EC6D578A76}
	EndGlobalSection
EndGlobal
