
Microsoft Visual Studio Solution File, Format Version 12.00
# Visual Studio 15
VisualStudioVersion = 15.0.28010.2003
MinimumVisualStudioVersion = 10.0.40219.1
Project("{FAE04EC0-301F-11D3-BF4B-00C04F79EFBC}") = "WebAppDemo", "WebAppDemo\WebAppDemo.csproj", "{637D2011-FF6C-43EB-AE3D-E42D899C05D9}"
EndProject
Global
	GlobalSection(SolutionConfigurationPlatforms) = preSolution
		Debug|Any CPU = Debug|Any CPU
		Release|Any CPU = Release|Any CPU
	EndGlobalSection
	GlobalSection(ProjectConfigurationPlatforms) = postSolution
		{637D2011-FF6C-43EB-AE3D-E42D899C05D9}.Debug|Any CPU.ActiveCfg = Debug|Any CPU
		{637D2011-FF6C-43EB-AE3D-E42D899C05D9}.Debug|Any CPU.Build.0 = Debug|Any CPU
		{637D2011-FF6C-43EB-AE3D-E42D899C05D9}.Release|Any CPU.ActiveCfg = Release|Any CPU
		{637D2011-FF6C-43EB-AE3D-E42D899C05D9}.Release|Any CPU.Build.0 = Release|Any CPU
	EndGlobalSection
	GlobalSection(SolutionProperties) = preSolution
		HideSolutionNode = FALSE
	EndGlobalSection
	GlobalSection(ExtensibilityGlobals) = postSolution
		SolutionGuid = {9DE4493A-CA96-40ED-AC8D-2B99FF81E5DA}
	EndGlobalSection
EndGlobal
